
Microsoft Visual Studio Solution File, Format Version 12.00
# Visual Studio Version 17
VisualStudioVersion = 17.11.35327.3
MinimumVisualStudioVersion = 10.0.40219.1
Project("{FAE04EC0-301F-11D3-BF4B-00C04F79EFBC}") = "DSCC.CW1.13626", "DSCC.CW1.13626\DSCC.CW1.13626.csproj", "{0070187E-C0F9-41AE-9766-350DEEC4CEC4}"
EndProject
Global
	GlobalSection(SolutionConfigurationPlatforms) = preSolution
		Debug|Any CPU = Debug|Any CPU
		Release|Any CPU = Release|Any CPU
	EndGlobalSection
	GlobalSection(ProjectConfigurationPlatforms) = postSolution
		{0070187E-C0F9-41AE-9766-350DEEC4CEC4}.Debug|Any CPU.ActiveCfg = Debug|Any CPU
		{0070187E-C0F9-41AE-9766-350DEEC4CEC4}.Debug|Any CPU.Build.0 = Debug|Any CPU
		{0070187E-C0F9-41AE-9766-350DEEC4CEC4}.Release|Any CPU.ActiveCfg = Release|Any CPU
		{0070187E-C0F9-41AE-9766-350DEEC4CEC4}.Release|Any CPU.Build.0 = Release|Any CPU
	EndGlobalSection
	GlobalSection(SolutionProperties) = preSolution
		HideSolutionNode = FALSE
	EndGlobalSection
	GlobalSection(ExtensibilityGlobals) = postSolution
		SolutionGuid = {A29E86D6-6974-4735-AC20-AC9E87DA8D45}
	EndGlobalSection
EndGlobal
